// !$*UTF8*$!
{
	archiveVersion = 1;
	classes = {
	};
	objectVersion = 55;
	objects = {

/* Begin PBXBuildFile section */
		A504921429512C73000C4022 /* GetUser.swift in Sources */ = {isa = PBXBuildFile; fileRef = A504921329512C73000C4022 /* GetUser.swift */; };
		A53773A32855BD0B00404662 /* SharedUserDefaults.swift in Sources */ = {isa = PBXBuildFile; fileRef = A53773A22855BD0B00404662 /* SharedUserDefaults.swift */; };
		A53773A42855BD0B00404662 /* SharedUserDefaults.swift in Sources */ = {isa = PBXBuildFile; fileRef = A53773A22855BD0B00404662 /* SharedUserDefaults.swift */; };
		A55F2CC2285455C5006C9F59 /* MailyAppApp.swift in Sources */ = {isa = PBXBuildFile; fileRef = A55F2CC1285455C5006C9F59 /* MailyAppApp.swift */; };
		A55F2CC4285455C5006C9F59 /* ContentView.swift in Sources */ = {isa = PBXBuildFile; fileRef = A55F2CC3285455C5006C9F59 /* ContentView.swift */; };
		A55F2CC6285455C9006C9F59 /* Assets.xcassets in Resources */ = {isa = PBXBuildFile; fileRef = A55F2CC5285455C9006C9F59 /* Assets.xcassets */; };
		A55F2CC9285455C9006C9F59 /* Preview Assets.xcassets in Resources */ = {isa = PBXBuildFile; fileRef = A55F2CC8285455C9006C9F59 /* Preview Assets.xcassets */; };
		A55F2CD7285455E9006C9F59 /* MailExtension.swift in Sources */ = {isa = PBXBuildFile; fileRef = A55F2CD6285455E9006C9F59 /* MailExtension.swift */; };
		A55F2CD9285455E9006C9F59 /* MessageActionHandler.swift in Sources */ = {isa = PBXBuildFile; fileRef = A55F2CD8285455E9006C9F59 /* MessageActionHandler.swift */; };
		A55F2CDB285455E9006C9F59 /* ComposeSessionHandler.swift in Sources */ = {isa = PBXBuildFile; fileRef = A55F2CDA285455E9006C9F59 /* ComposeSessionHandler.swift */; };
		A55F2CDD285455E9006C9F59 /* ComposeSessionViewController.swift in Sources */ = {isa = PBXBuildFile; fileRef = A55F2CDC285455E9006C9F59 /* ComposeSessionViewController.swift */; };
		A55F2CDF285455E9006C9F59 /* ComposeSessionViewController.xib in Resources */ = {isa = PBXBuildFile; fileRef = A55F2CDE285455E9006C9F59 /* ComposeSessionViewController.xib */; };
		A55F2CE4285455E9006C9F59 /* Maily.appex in Embed App Extensions */ = {isa = PBXBuildFile; fileRef = A55F2CD4285455E9006C9F59 /* Maily.appex */; settings = {ATTRIBUTES = (RemoveHeadersOnCopy, ); }; };
		A55F2CEE285472E4006C9F59 /* Media.xcassets in Resources */ = {isa = PBXBuildFile; fileRef = A55F2CED285472E4006C9F59 /* Media.xcassets */; };
		A5645C6E294DA274003557CA /* UserLogin.swift in Sources */ = {isa = PBXBuildFile; fileRef = A5645C6D294DA274003557CA /* UserLogin.swift */; };
		A5645C71294DAB7A003557CA /* HttpMethod.swift in Sources */ = {isa = PBXBuildFile; fileRef = A5645C70294DAB7A003557CA /* HttpMethod.swift */; };
		A565A786294B133600BF8EF0 /* ComposeSessionError.swift in Sources */ = {isa = PBXBuildFile; fileRef = A565A785294B133600BF8EF0 /* ComposeSessionError.swift */; };
		A565A78B294C74C700BF8EF0 /* Login.swift in Sources */ = {isa = PBXBuildFile; fileRef = A565A78A294C74C700BF8EF0 /* Login.swift */; };
		A589B2512948B9A4008AE02A /* tracking.html in Resources */ = {isa = PBXBuildFile; fileRef = A589B2502948B9A4008AE02A /* tracking.html */; };
		A59551D9294E365B0098E803 /* LoginResponse.swift in Sources */ = {isa = PBXBuildFile; fileRef = A59551D8294E365B0098E803 /* LoginResponse.swift */; };
		A59551DB294E36700098E803 /* ReturnStatus.swift in Sources */ = {isa = PBXBuildFile; fileRef = A59551DA294E36700098E803 /* ReturnStatus.swift */; };
		A59551DD294EC0A40098E803 /* Index.swift in Sources */ = {isa = PBXBuildFile; fileRef = A59551DC294EC0A40098E803 /* Index.swift */; };
		A59551DF294EE17E0098E803 /* HTTPResponseStatus.swift in Sources */ = {isa = PBXBuildFile; fileRef = A59551DE294EE17E0098E803 /* HTTPResponseStatus.swift */; };
		A59551E1294EE2B00098E803 /* ApiResponse.swift in Sources */ = {isa = PBXBuildFile; fileRef = A59551E0294EE2B00098E803 /* ApiResponse.swift */; };
		A59551E3294F1DFA0098E803 /* Route.swift in Sources */ = {isa = PBXBuildFile; fileRef = A59551E2294F1DFA0098E803 /* Route.swift */; };
		A59D0279294CBB1F00FE4523 /* BottomBar.swift in Sources */ = {isa = PBXBuildFile; fileRef = A59D0278294CBB1F00FE4523 /* BottomBar.swift */; };
		A5A52100294DAF80001E82EC /* ApiMethod.swift in Sources */ = {isa = PBXBuildFile; fileRef = A5A520FF294DAF80001E82EC /* ApiMethod.swift */; };
		A5A5211A294E0268001E82EC /* ApiEndpoints.swift in Sources */ = {isa = PBXBuildFile; fileRef = A5A52119294E0268001E82EC /* ApiEndpoints.swift */; };
/* End PBXBuildFile section */

/* Begin PBXContainerItemProxy section */
		A55F2CE2285455E9006C9F59 /* PBXContainerItemProxy */ = {
			isa = PBXContainerItemProxy;
			containerPortal = A55F2CB6285455C5006C9F59 /* Project object */;
			proxyType = 1;
			remoteGlobalIDString = A55F2CD3285455E9006C9F59;
			remoteInfo = Maily;
		};
/* End PBXContainerItemProxy section */

/* Begin PBXCopyFilesBuildPhase section */
		A55F2CE8285455E9006C9F59 /* Embed App Extensions */ = {
			isa = PBXCopyFilesBuildPhase;
			buildActionMask = 2147483647;
			dstPath = "";
			dstSubfolderSpec = 13;
			files = (
				A55F2CE4285455E9006C9F59 /* Maily.appex in Embed App Extensions */,
			);
			name = "Embed App Extensions";
			runOnlyForDeploymentPostprocessing = 0;
		};
/* End PBXCopyFilesBuildPhase section */

/* Begin PBXFileReference section */
		A504921329512C73000C4022 /* GetUser.swift */ = {isa = PBXFileReference; lastKnownFileType = sourcecode.swift; path = GetUser.swift; sourceTree = "<group>"; };
		A53773A22855BD0B00404662 /* SharedUserDefaults.swift */ = {isa = PBXFileReference; lastKnownFileType = sourcecode.swift; path = SharedUserDefaults.swift; sourceTree = "<group>"; };
		A55F2CBE285455C5006C9F59 /* MailyApp.app */ = {isa = PBXFileReference; explicitFileType = wrapper.application; includeInIndex = 0; path = MailyApp.app; sourceTree = BUILT_PRODUCTS_DIR; };
		A55F2CC1285455C5006C9F59 /* MailyAppApp.swift */ = {isa = PBXFileReference; lastKnownFileType = sourcecode.swift; path = MailyAppApp.swift; sourceTree = "<group>"; };
		A55F2CC3285455C5006C9F59 /* ContentView.swift */ = {isa = PBXFileReference; lastKnownFileType = sourcecode.swift; path = ContentView.swift; sourceTree = "<group>"; };
		A55F2CC5285455C9006C9F59 /* Assets.xcassets */ = {isa = PBXFileReference; lastKnownFileType = folder.assetcatalog; path = Assets.xcassets; sourceTree = "<group>"; };
		A55F2CC8285455C9006C9F59 /* Preview Assets.xcassets */ = {isa = PBXFileReference; lastKnownFileType = folder.assetcatalog; path = "Preview Assets.xcassets"; sourceTree = "<group>"; };
		A55F2CCA285455C9006C9F59 /* MailyApp.entitlements */ = {isa = PBXFileReference; lastKnownFileType = text.plist.entitlements; path = MailyApp.entitlements; sourceTree = "<group>"; };
		A55F2CD4285455E9006C9F59 /* Maily.appex */ = {isa = PBXFileReference; explicitFileType = "wrapper.app-extension"; includeInIndex = 0; path = Maily.appex; sourceTree = BUILT_PRODUCTS_DIR; };
		A55F2CD6285455E9006C9F59 /* MailExtension.swift */ = {isa = PBXFileReference; lastKnownFileType = sourcecode.swift; path = MailExtension.swift; sourceTree = "<group>"; };
		A55F2CD8285455E9006C9F59 /* MessageActionHandler.swift */ = {isa = PBXFileReference; lastKnownFileType = sourcecode.swift; path = MessageActionHandler.swift; sourceTree = "<group>"; };
		A55F2CDA285455E9006C9F59 /* ComposeSessionHandler.swift */ = {isa = PBXFileReference; lastKnownFileType = sourcecode.swift; path = ComposeSessionHandler.swift; sourceTree = "<group>"; };
		A55F2CDC285455E9006C9F59 /* ComposeSessionViewController.swift */ = {isa = PBXFileReference; lastKnownFileType = sourcecode.swift; path = ComposeSessionViewController.swift; sourceTree = "<group>"; };
		A55F2CDE285455E9006C9F59 /* ComposeSessionViewController.xib */ = {isa = PBXFileReference; lastKnownFileType = file.xib; path = ComposeSessionViewController.xib; sourceTree = "<group>"; };
		A55F2CE0285455E9006C9F59 /* Info.plist */ = {isa = PBXFileReference; lastKnownFileType = text.plist.xml; path = Info.plist; sourceTree = "<group>"; };
		A55F2CE1285455E9006C9F59 /* Maily.entitlements */ = {isa = PBXFileReference; lastKnownFileType = text.plist.entitlements; path = Maily.entitlements; sourceTree = "<group>"; };
		A55F2CED285472E4006C9F59 /* Media.xcassets */ = {isa = PBXFileReference; lastKnownFileType = folder.assetcatalog; path = Media.xcassets; sourceTree = "<group>"; };
		A5645C6D294DA274003557CA /* UserLogin.swift */ = {isa = PBXFileReference; lastKnownFileType = sourcecode.swift; path = UserLogin.swift; sourceTree = "<group>"; };
		A5645C70294DAB7A003557CA /* HttpMethod.swift */ = {isa = PBXFileReference; lastKnownFileType = sourcecode.swift; path = HttpMethod.swift; sourceTree = "<group>"; };
		A565A785294B133600BF8EF0 /* ComposeSessionError.swift */ = {isa = PBXFileReference; lastKnownFileType = sourcecode.swift; path = ComposeSessionError.swift; sourceTree = "<group>"; };
		A565A78A294C74C700BF8EF0 /* Login.swift */ = {isa = PBXFileReference; lastKnownFileType = sourcecode.swift; path = Login.swift; sourceTree = "<group>"; };
		A589B2502948B9A4008AE02A /* tracking.html */ = {isa = PBXFileReference; fileEncoding = 4; lastKnownFileType = text.html; path = tracking.html; sourceTree = "<group>"; };
		A5943741293240E100AD8BAA /* Info.plist */ = {isa = PBXFileReference; lastKnownFileType = text.plist; path = Info.plist; sourceTree = "<group>"; };
		A59551D8294E365B0098E803 /* LoginResponse.swift */ = {isa = PBXFileReference; lastKnownFileType = sourcecode.swift; path = LoginResponse.swift; sourceTree = "<group>"; };
		A59551DA294E36700098E803 /* ReturnStatus.swift */ = {isa = PBXFileReference; lastKnownFileType = sourcecode.swift; path = ReturnStatus.swift; sourceTree = "<group>"; };
		A59551DC294EC0A40098E803 /* Index.swift */ = {isa = PBXFileReference; lastKnownFileType = sourcecode.swift; path = Index.swift; sourceTree = "<group>"; };
		A59551DE294EE17E0098E803 /* HTTPResponseStatus.swift */ = {isa = PBXFileReference; lastKnownFileType = sourcecode.swift; path = HTTPResponseStatus.swift; sourceTree = "<group>"; };
		A59551E0294EE2B00098E803 /* ApiResponse.swift */ = {isa = PBXFileReference; lastKnownFileType = sourcecode.swift; path = ApiResponse.swift; sourceTree = "<group>"; };
		A59551E2294F1DFA0098E803 /* Route.swift */ = {isa = PBXFileReference; lastKnownFileType = sourcecode.swift; path = Route.swift; sourceTree = "<group>"; };
		A59D0278294CBB1F00FE4523 /* BottomBar.swift */ = {isa = PBXFileReference; lastKnownFileType = sourcecode.swift; path = BottomBar.swift; sourceTree = "<group>"; };
		A5A520FF294DAF80001E82EC /* ApiMethod.swift */ = {isa = PBXFileReference; lastKnownFileType = sourcecode.swift; path = ApiMethod.swift; sourceTree = "<group>"; };
		A5A52119294E0268001E82EC /* ApiEndpoints.swift */ = {isa = PBXFileReference; lastKnownFileType = sourcecode.swift; path = ApiEndpoints.swift; sourceTree = "<group>"; };
/* End PBXFileReference section */

/* Begin PBXFrameworksBuildPhase section */
		A55F2CBB285455C5006C9F59 /* Frameworks */ = {
			isa = PBXFrameworksBuildPhase;
			buildActionMask = 2147483647;
			files = (
			);
			runOnlyForDeploymentPostprocessing = 0;
		};
		A55F2CD1285455E9006C9F59 /* Frameworks */ = {
			isa = PBXFrameworksBuildPhase;
			buildActionMask = 2147483647;
			files = (
			);
			runOnlyForDeploymentPostprocessing = 0;
		};
/* End PBXFrameworksBuildPhase section */

/* Begin PBXGroup section */
		A55F2CB5285455C5006C9F59 = {
			isa = PBXGroup;
			children = (
				A55F2CC0285455C5006C9F59 /* MailyApp */,
				A55F2CD5285455E9006C9F59 /* Maily */,
				A55F2CBF285455C5006C9F59 /* Products */,
			);
			sourceTree = "<group>";
		};
		A55F2CBF285455C5006C9F59 /* Products */ = {
			isa = PBXGroup;
			children = (
				A55F2CBE285455C5006C9F59 /* MailyApp.app */,
				A55F2CD4285455E9006C9F59 /* Maily.appex */,
			);
			name = Products;
			sourceTree = "<group>";
		};
		A55F2CC0285455C5006C9F59 /* MailyApp */ = {
			isa = PBXGroup;
			children = (
				A565A787294C742D00BF8EF0 /* src */,
				A5943741293240E100AD8BAA /* Info.plist */,
				A55F2CC1285455C5006C9F59 /* MailyAppApp.swift */,
				A55F2CC3285455C5006C9F59 /* ContentView.swift */,
				A55F2CC5285455C9006C9F59 /* Assets.xcassets */,
				A55F2CCA285455C9006C9F59 /* MailyApp.entitlements */,
				A53773A22855BD0B00404662 /* SharedUserDefaults.swift */,
				A55F2CC7285455C9006C9F59 /* Preview Content */,
			);
			path = MailyApp;
			sourceTree = "<group>";
		};
		A55F2CC7285455C9006C9F59 /* Preview Content */ = {
			isa = PBXGroup;
			children = (
				A55F2CC8285455C9006C9F59 /* Preview Assets.xcassets */,
			);
			path = "Preview Content";
			sourceTree = "<group>";
		};
		A55F2CD5285455E9006C9F59 /* Maily */ = {
			isa = PBXGroup;
			children = (
				A565A784294B130C00BF8EF0 /* enums */,
				A589B24F2948B98A008AE02A /* Static */,
				A55F2CE92854562A006C9F59 /* Action */,
				A55F2CEA28545636006C9F59 /* Compose */,
				A55F2CD6285455E9006C9F59 /* MailExtension.swift */,
				A55F2CED285472E4006C9F59 /* Media.xcassets */,
				A55F2CE0285455E9006C9F59 /* Info.plist */,
				A55F2CE1285455E9006C9F59 /* Maily.entitlements */,
			);
			path = Maily;
			sourceTree = "<group>";
		};
		A55F2CE92854562A006C9F59 /* Action */ = {
			isa = PBXGroup;
			children = (
				A55F2CD8285455E9006C9F59 /* MessageActionHandler.swift */,
			);
			path = Action;
			sourceTree = "<group>";
		};
		A55F2CEA28545636006C9F59 /* Compose */ = {
			isa = PBXGroup;
			children = (
				A55F2CDA285455E9006C9F59 /* ComposeSessionHandler.swift */,
				A55F2CDC285455E9006C9F59 /* ComposeSessionViewController.swift */,
				A55F2CDE285455E9006C9F59 /* ComposeSessionViewController.xib */,
			);
			path = Compose;
			sourceTree = "<group>";
		};
		A5645C6C294DA23E003557CA /* Methods */ = {
			isa = PBXGroup;
			children = (
				A5645C6D294DA274003557CA /* UserLogin.swift */,
				A504921329512C73000C4022 /* GetUser.swift */,
			);
			path = Methods;
			sourceTree = "<group>";
		};
		A5645C6F294DAA87003557CA /* Enums */ = {
			isa = PBXGroup;
			children = (
				A5645C70294DAB7A003557CA /* HttpMethod.swift */,
				A59551DA294E36700098E803 /* ReturnStatus.swift */,
				A59551DE294EE17E0098E803 /* HTTPResponseStatus.swift */,
				A59551E2294F1DFA0098E803 /* Route.swift */,
			);
			path = Enums;
			sourceTree = "<group>";
		};
		A565A784294B130C00BF8EF0 /* enums */ = {
			isa = PBXGroup;
			children = (
				A565A785294B133600BF8EF0 /* ComposeSessionError.swift */,
			);
			path = enums;
			sourceTree = "<group>";
		};
		A565A787294C742D00BF8EF0 /* src */ = {
			isa = PBXGroup;
			children = (
				A59551D7294E364A0098E803 /* Models */,
				A5A520FD294DAF69001E82EC /* Api */,
				A5645C6F294DAA87003557CA /* Enums */,
				A5645C6C294DA23E003557CA /* Methods */,
				A565A789294C74B100BF8EF0 /* views */,
			);
			path = src;
			sourceTree = "<group>";
		};
		A565A789294C74B100BF8EF0 /* views */ = {
			isa = PBXGroup;
			children = (
				A565A78A294C74C700BF8EF0 /* Login.swift */,
				A59D0278294CBB1F00FE4523 /* BottomBar.swift */,
				A59551DC294EC0A40098E803 /* Index.swift */,
			);
			path = views;
			sourceTree = "<group>";
		};
		A589B24F2948B98A008AE02A /* Static */ = {
			isa = PBXGroup;
			children = (
				A589B2502948B9A4008AE02A /* tracking.html */,
			);
			path = Static;
			sourceTree = "<group>";
		};
		A59551D7294E364A0098E803 /* Models */ = {
			isa = PBXGroup;
			children = (
				A59551D8294E365B0098E803 /* LoginResponse.swift */,
				A59551E0294EE2B00098E803 /* ApiResponse.swift */,
			);
			path = Models;
			sourceTree = "<group>";
		};
		A5A520FD294DAF69001E82EC /* Api */ = {
			isa = PBXGroup;
			children = (
				A5A520FF294DAF80001E82EC /* ApiMethod.swift */,
				A5A52119294E0268001E82EC /* ApiEndpoints.swift */,
			);
			path = Api;
			sourceTree = "<group>";
		};
/* End PBXGroup section */

/* Begin PBXNativeTarget section */
		A55F2CBD285455C5006C9F59 /* MailyApp */ = {
			isa = PBXNativeTarget;
			buildConfigurationList = A55F2CCD285455C9006C9F59 /* Build configuration list for PBXNativeTarget "MailyApp" */;
			buildPhases = (
				A55F2CBA285455C5006C9F59 /* Sources */,
				A55F2CBB285455C5006C9F59 /* Frameworks */,
				A55F2CBC285455C5006C9F59 /* Resources */,
				A55F2CE8285455E9006C9F59 /* Embed App Extensions */,
			);
			buildRules = (
			);
			dependencies = (
				A55F2CE3285455E9006C9F59 /* PBXTargetDependency */,
			);
			name = MailyApp;
			productName = MailyApp;
			productReference = A55F2CBE285455C5006C9F59 /* MailyApp.app */;
			productType = "com.apple.product-type.application";
		};
		A55F2CD3285455E9006C9F59 /* Maily */ = {
			isa = PBXNativeTarget;
			buildConfigurationList = A55F2CE5285455E9006C9F59 /* Build configuration list for PBXNativeTarget "Maily" */;
			buildPhases = (
				A55F2CD0285455E9006C9F59 /* Sources */,
				A55F2CD1285455E9006C9F59 /* Frameworks */,
				A55F2CD2285455E9006C9F59 /* Resources */,
			);
			buildRules = (
			);
			dependencies = (
			);
			name = Maily;
			productName = Maily;
			productReference = A55F2CD4285455E9006C9F59 /* Maily.appex */;
			productType = "com.apple.product-type.app-extension";
		};
/* End PBXNativeTarget section */

/* Begin PBXProject section */
		A55F2CB6285455C5006C9F59 /* Project object */ = {
			isa = PBXProject;
			attributes = {
				BuildIndependentTargetsInParallel = 1;
				LastSwiftUpdateCheck = 1340;
				LastUpgradeCheck = 1340;
				TargetAttributes = {
					A55F2CBD285455C5006C9F59 = {
						CreatedOnToolsVersion = 13.4.1;
					};
					A55F2CD3285455E9006C9F59 = {
						CreatedOnToolsVersion = 13.4.1;
					};
				};
			};
			buildConfigurationList = A55F2CB9285455C5006C9F59 /* Build configuration list for PBXProject "MailyApp" */;
			compatibilityVersion = "Xcode 13.0";
			developmentRegion = en;
			hasScannedForEncodings = 0;
			knownRegions = (
				en,
				Base,
			);
			mainGroup = A55F2CB5285455C5006C9F59;
			productRefGroup = A55F2CBF285455C5006C9F59 /* Products */;
			projectDirPath = "";
			projectRoot = "";
			targets = (
				A55F2CBD285455C5006C9F59 /* MailyApp */,
				A55F2CD3285455E9006C9F59 /* Maily */,
			);
		};
/* End PBXProject section */

/* Begin PBXResourcesBuildPhase section */
		A55F2CBC285455C5006C9F59 /* Resources */ = {
			isa = PBXResourcesBuildPhase;
			buildActionMask = 2147483647;
			files = (
				A55F2CC9285455C9006C9F59 /* Preview Assets.xcassets in Resources */,
				A55F2CC6285455C9006C9F59 /* Assets.xcassets in Resources */,
			);
			runOnlyForDeploymentPostprocessing = 0;
		};
		A55F2CD2285455E9006C9F59 /* Resources */ = {
			isa = PBXResourcesBuildPhase;
			buildActionMask = 2147483647;
			files = (
				A589B2512948B9A4008AE02A /* tracking.html in Resources */,
				A55F2CEE285472E4006C9F59 /* Media.xcassets in Resources */,
				A55F2CDF285455E9006C9F59 /* ComposeSessionViewController.xib in Resources */,
			);
			runOnlyForDeploymentPostprocessing = 0;
		};
/* End PBXResourcesBuildPhase section */

/* Begin PBXSourcesBuildPhase section */
		A55F2CBA285455C5006C9F59 /* Sources */ = {
			isa = PBXSourcesBuildPhase;
			buildActionMask = 2147483647;
			files = (
				A59551DB294E36700098E803 /* ReturnStatus.swift in Sources */,
				A59551DF294EE17E0098E803 /* HTTPResponseStatus.swift in Sources */,
				A55F2CC4285455C5006C9F59 /* ContentView.swift in Sources */,
				A59551E3294F1DFA0098E803 /* Route.swift in Sources */,
				A59551E1294EE2B00098E803 /* ApiResponse.swift in Sources */,
				A59551DD294EC0A40098E803 /* Index.swift in Sources */,
				A5A5211A294E0268001E82EC /* ApiEndpoints.swift in Sources */,
				A504921429512C73000C4022 /* GetUser.swift in Sources */,
				A59D0279294CBB1F00FE4523 /* BottomBar.swift in Sources */,
				A53773A32855BD0B00404662 /* SharedUserDefaults.swift in Sources */,
				A59551D9294E365B0098E803 /* LoginResponse.swift in Sources */,
				A5645C71294DAB7A003557CA /* HttpMethod.swift in Sources */,
				A5645C6E294DA274003557CA /* UserLogin.swift in Sources */,
				A5A52100294DAF80001E82EC /* ApiMethod.swift in Sources */,
				A55F2CC2285455C5006C9F59 /* MailyAppApp.swift in Sources */,
				A565A78B294C74C700BF8EF0 /* Login.swift in Sources */,
			);
			runOnlyForDeploymentPostprocessing = 0;
		};
		A55F2CD0285455E9006C9F59 /* Sources */ = {
			isa = PBXSourcesBuildPhase;
			buildActionMask = 2147483647;
			files = (
				A565A786294B133600BF8EF0 /* ComposeSessionError.swift in Sources */,
				A55F2CD9285455E9006C9F59 /* MessageActionHandler.swift in Sources */,
				A55F2CD7285455E9006C9F59 /* MailExtension.swift in Sources */,
				A55F2CDD285455E9006C9F59 /* ComposeSessionViewController.swift in Sources */,
				A55F2CDB285455E9006C9F59 /* ComposeSessionHandler.swift in Sources */,
				A53773A42855BD0B00404662 /* SharedUserDefaults.swift in Sources */,
			);
			runOnlyForDeploymentPostprocessing = 0;
		};
/* End PBXSourcesBuildPhase section */

/* Begin PBXTargetDependency section */
		A55F2CE3285455E9006C9F59 /* PBXTargetDependency */ = {
			isa = PBXTargetDependency;
			target = A55F2CD3285455E9006C9F59 /* Maily */;
			targetProxy = A55F2CE2285455E9006C9F59 /* PBXContainerItemProxy */;
		};
/* End PBXTargetDependency section */

/* Begin XCBuildConfiguration section */
		A55F2CCC285455C9006C9F59 /* Release (Development) */ = {
			isa = XCBuildConfiguration;
			buildSettings = {
				ALWAYS_SEARCH_USER_PATHS = NO;
				CLANG_ANALYZER_NONNULL = YES;
				CLANG_ANALYZER_NUMBER_OBJECT_CONVERSION = YES_AGGRESSIVE;
				CLANG_CXX_LANGUAGE_STANDARD = "gnu++17";
				CLANG_ENABLE_MODULES = YES;
				CLANG_ENABLE_OBJC_ARC = YES;
				CLANG_ENABLE_OBJC_WEAK = YES;
				CLANG_WARN_BLOCK_CAPTURE_AUTORELEASING = YES;
				CLANG_WARN_BOOL_CONVERSION = YES;
				CLANG_WARN_COMMA = YES;
				CLANG_WARN_CONSTANT_CONVERSION = YES;
				CLANG_WARN_DEPRECATED_OBJC_IMPLEMENTATIONS = YES;
				CLANG_WARN_DIRECT_OBJC_ISA_USAGE = YES_ERROR;
				CLANG_WARN_DOCUMENTATION_COMMENTS = YES;
				CLANG_WARN_EMPTY_BODY = YES;
				CLANG_WARN_ENUM_CONVERSION = YES;
				CLANG_WARN_INFINITE_RECURSION = YES;
				CLANG_WARN_INT_CONVERSION = YES;
				CLANG_WARN_NON_LITERAL_NULL_CONVERSION = YES;
				CLANG_WARN_OBJC_IMPLICIT_RETAIN_SELF = YES;
				CLANG_WARN_OBJC_LITERAL_CONVERSION = YES;
				CLANG_WARN_OBJC_ROOT_CLASS = YES_ERROR;
				CLANG_WARN_QUOTED_INCLUDE_IN_FRAMEWORK_HEADER = YES;
				CLANG_WARN_RANGE_LOOP_ANALYSIS = YES;
				CLANG_WARN_STRICT_PROTOTYPES = YES;
				CLANG_WARN_SUSPICIOUS_MOVE = YES;
				CLANG_WARN_UNGUARDED_AVAILABILITY = YES_AGGRESSIVE;
				CLANG_WARN_UNREACHABLE_CODE = YES;
				CLANG_WARN__DUPLICATE_METHOD_MATCH = YES;
				COPY_PHASE_STRIP = NO;
				DEBUG_INFORMATION_FORMAT = "dwarf-with-dsym";
				ENABLE_NS_ASSERTIONS = NO;
				ENABLE_STRICT_OBJC_MSGSEND = YES;
				GCC_C_LANGUAGE_STANDARD = gnu11;
				GCC_NO_COMMON_BLOCKS = YES;
				GCC_WARN_64_TO_32_BIT_CONVERSION = YES;
				GCC_WARN_ABOUT_RETURN_TYPE = YES_ERROR;
				GCC_WARN_UNDECLARED_SELECTOR = YES;
				GCC_WARN_UNINITIALIZED_AUTOS = YES_AGGRESSIVE;
				GCC_WARN_UNUSED_FUNCTION = YES;
				GCC_WARN_UNUSED_VARIABLE = YES;
				MACOSX_DEPLOYMENT_TARGET = 12.3;
				MTL_ENABLE_DEBUG_INFO = NO;
				MTL_FAST_MATH = YES;
				SDKROOT = macosx;
				SWIFT_COMPILATION_MODE = wholemodule;
				SWIFT_OPTIMIZATION_LEVEL = "-O";
			};
			name = "Release (Development)";
		};
		A55F2CCF285455C9006C9F59 /* Release (Development) */ = {
			isa = XCBuildConfiguration;
			buildSettings = {
				ALWAYS_EMBED_SWIFT_STANDARD_LIBRARIES = YES;
				ASSETCATALOG_COMPILER_APPICON_NAME = AppIcon;
				ASSETCATALOG_COMPILER_GLOBAL_ACCENT_COLOR_NAME = AccentColor;
				CODE_SIGN_ENTITLEMENTS = MailyApp/MailyApp.entitlements;
				CODE_SIGN_IDENTITY = "Apple Development";
				CODE_SIGN_STYLE = Automatic;
				COMBINE_HIDPI_IMAGES = YES;
				CURRENT_PROJECT_VERSION = 1;
				DEVELOPMENT_ASSET_PATHS = "\"MailyApp/Preview Content\"";
				DEVELOPMENT_TEAM = N793X7M743;
				ENABLE_PREVIEWS = YES;
				GENERATE_INFOPLIST_FILE = YES;
				INFOPLIST_FILE = MailyApp/Info.plist;
				INFOPLIST_KEY_LSUIElement = YES;
				INFOPLIST_KEY_NSHumanReadableCopyright = "";
				LD_RUNPATH_SEARCH_PATHS = (
					"$(inherited)",
					"@executable_path/../Frameworks",
				);
				MARKETING_VERSION = 1.0;
				PRODUCT_BUNDLE_IDENTIFIER = TeamMaily.MailyApp;
				PRODUCT_NAME = "$(TARGET_NAME)";
				PROVISIONING_PROFILE_SPECIFIER = "";
				SWIFT_EMIT_LOC_STRINGS = YES;
				SWIFT_VERSION = 5.0;
			};
			name = "Release (Development)";
		};
		A55F2CE7285455E9006C9F59 /* Release (Development) */ = {
			isa = XCBuildConfiguration;
			buildSettings = {
				CODE_SIGN_ENTITLEMENTS = Maily/Maily.entitlements;
				CODE_SIGN_IDENTITY = "Apple Development";
				CODE_SIGN_STYLE = Automatic;
				COMBINE_HIDPI_IMAGES = YES;
				CURRENT_PROJECT_VERSION = 1;
				DEVELOPMENT_TEAM = N793X7M743;
				GENERATE_INFOPLIST_FILE = YES;
				INFOPLIST_FILE = Maily/Info.plist;
				INFOPLIST_KEY_CFBundleDisplayName = Maily;
				INFOPLIST_KEY_NSHumanReadableCopyright = "";
				LD_RUNPATH_SEARCH_PATHS = (
					"$(inherited)",
					"@executable_path/../Frameworks",
					"@executable_path/../../../../Frameworks",
				);
				MACOSX_DEPLOYMENT_TARGET = 12.0;
				MARKETING_VERSION = 1.0;
				PRODUCT_BUNDLE_IDENTIFIER = TeamMaily.MailyApp.Maily;
				PRODUCT_NAME = "$(TARGET_NAME)";
				SKIP_INSTALL = YES;
				SWIFT_EMIT_LOC_STRINGS = YES;
				SWIFT_VERSION = 5.0;
			};
			name = "Release (Development)";
		};
		A5A52104294DFD9D001E82EC /* Debug (Development) */ = {
			isa = XCBuildConfiguration;
			buildSettings = {
				ALWAYS_SEARCH_USER_PATHS = NO;
				CLANG_ANALYZER_NONNULL = YES;
				CLANG_ANALYZER_NUMBER_OBJECT_CONVERSION = YES_AGGRESSIVE;
				CLANG_CXX_LANGUAGE_STANDARD = "gnu++17";
				CLANG_ENABLE_MODULES = YES;
				CLANG_ENABLE_OBJC_ARC = YES;
				CLANG_ENABLE_OBJC_WEAK = YES;
				CLANG_WARN_BLOCK_CAPTURE_AUTORELEASING = YES;
				CLANG_WARN_BOOL_CONVERSION = YES;
				CLANG_WARN_COMMA = YES;
				CLANG_WARN_CONSTANT_CONVERSION = YES;
				CLANG_WARN_DEPRECATED_OBJC_IMPLEMENTATIONS = YES;
				CLANG_WARN_DIRECT_OBJC_ISA_USAGE = YES_ERROR;
				CLANG_WARN_DOCUMENTATION_COMMENTS = YES;
				CLANG_WARN_EMPTY_BODY = YES;
				CLANG_WARN_ENUM_CONVERSION = YES;
				CLANG_WARN_INFINITE_RECURSION = YES;
				CLANG_WARN_INT_CONVERSION = YES;
				CLANG_WARN_NON_LITERAL_NULL_CONVERSION = YES;
				CLANG_WARN_OBJC_IMPLICIT_RETAIN_SELF = YES;
				CLANG_WARN_OBJC_LITERAL_CONVERSION = YES;
				CLANG_WARN_OBJC_ROOT_CLASS = YES_ERROR;
				CLANG_WARN_QUOTED_INCLUDE_IN_FRAMEWORK_HEADER = YES;
				CLANG_WARN_RANGE_LOOP_ANALYSIS = YES;
				CLANG_WARN_STRICT_PROTOTYPES = YES;
				CLANG_WARN_SUSPICIOUS_MOVE = YES;
				CLANG_WARN_UNGUARDED_AVAILABILITY = YES_AGGRESSIVE;
				CLANG_WARN_UNREACHABLE_CODE = YES;
				CLANG_WARN__DUPLICATE_METHOD_MATCH = YES;
				COPY_PHASE_STRIP = NO;
				DEBUG_INFORMATION_FORMAT = dwarf;
				ENABLE_STRICT_OBJC_MSGSEND = YES;
				ENABLE_TESTABILITY = YES;
				GCC_C_LANGUAGE_STANDARD = gnu11;
				GCC_DYNAMIC_NO_PIC = NO;
				GCC_NO_COMMON_BLOCKS = YES;
				GCC_OPTIMIZATION_LEVEL = 0;
				GCC_PREPROCESSOR_DEFINITIONS = (
					"DEBUG=1",
					"$(inherited)",
				);
				GCC_WARN_64_TO_32_BIT_CONVERSION = YES;
				GCC_WARN_ABOUT_RETURN_TYPE = YES_ERROR;
				GCC_WARN_UNDECLARED_SELECTOR = YES;
				GCC_WARN_UNINITIALIZED_AUTOS = YES_AGGRESSIVE;
				GCC_WARN_UNUSED_FUNCTION = YES;
				GCC_WARN_UNUSED_VARIABLE = YES;
				MACOSX_DEPLOYMENT_TARGET = 12.3;
				MTL_ENABLE_DEBUG_INFO = INCLUDE_SOURCE;
				MTL_FAST_MATH = YES;
				ONLY_ACTIVE_ARCH = YES;
				SDKROOT = macosx;
				SWIFT_ACTIVE_COMPILATION_CONDITIONS = DEBUG;
				SWIFT_OPTIMIZATION_LEVEL = "-Onone";
			};
			name = "Debug (Development)";
		};
		A5A52105294DFD9D001E82EC /* Debug (Development) */ = {
			isa = XCBuildConfiguration;
			buildSettings = {
				ALWAYS_EMBED_SWIFT_STANDARD_LIBRARIES = YES;
				ASSETCATALOG_COMPILER_APPICON_NAME = AppIcon;
				ASSETCATALOG_COMPILER_GLOBAL_ACCENT_COLOR_NAME = AccentColor;
				CODE_SIGN_ENTITLEMENTS = MailyApp/MailyApp.entitlements;
				CODE_SIGN_IDENTITY = "Apple Development";
				CODE_SIGN_STYLE = Automatic;
				COMBINE_HIDPI_IMAGES = YES;
				CURRENT_PROJECT_VERSION = 1;
				DEVELOPMENT_ASSET_PATHS = "\"MailyApp/Preview Content\"";
				DEVELOPMENT_TEAM = N793X7M743;
				ENABLE_PREVIEWS = YES;
				GENERATE_INFOPLIST_FILE = YES;
				INFOPLIST_FILE = MailyApp/Info.plist;
				INFOPLIST_KEY_LSUIElement = YES;
				INFOPLIST_KEY_NSHumanReadableCopyright = "";
				LD_RUNPATH_SEARCH_PATHS = (
					"$(inherited)",
					"@executable_path/../Frameworks",
				);
				MARKETING_VERSION = 1.0;
				PRODUCT_BUNDLE_IDENTIFIER = TeamMaily.MailyApp;
				PRODUCT_NAME = "$(TARGET_NAME)";
				PROVISIONING_PROFILE_SPECIFIER = "";
				SWIFT_EMIT_LOC_STRINGS = YES;
				SWIFT_VERSION = 5.0;
			};
			name = "Debug (Development)";
		};
		A5A52106294DFD9D001E82EC /* Debug (Development) */ = {
			isa = XCBuildConfiguration;
			buildSettings = {
				CODE_SIGN_ENTITLEMENTS = Maily/Maily.entitlements;
				CODE_SIGN_IDENTITY = "Apple Development";
				CODE_SIGN_STYLE = Automatic;
				COMBINE_HIDPI_IMAGES = YES;
				CURRENT_PROJECT_VERSION = 1;
				DEVELOPMENT_TEAM = N793X7M743;
				GENERATE_INFOPLIST_FILE = YES;
				INFOPLIST_FILE = Maily/Info.plist;
				INFOPLIST_KEY_CFBundleDisplayName = Maily;
				INFOPLIST_KEY_NSHumanReadableCopyright = "";
				LD_RUNPATH_SEARCH_PATHS = (
					"$(inherited)",
					"@executable_path/../Frameworks",
					"@executable_path/../../../../Frameworks",
				);
				MACOSX_DEPLOYMENT_TARGET = 12.0;
				MARKETING_VERSION = 1.0;
				PRODUCT_BUNDLE_IDENTIFIER = TeamMaily.MailyApp.Maily;
				PRODUCT_NAME = "$(TARGET_NAME)";
				SKIP_INSTALL = YES;
				SWIFT_EMIT_LOC_STRINGS = YES;
				SWIFT_VERSION = 5.0;
			};
			name = "Debug (Development)";
		};
		A5A5210D294DFDDF001E82EC /* Debug (Staging) */ = {
			isa = XCBuildConfiguration;
			buildSettings = {
				ALWAYS_SEARCH_USER_PATHS = NO;
				CLANG_ANALYZER_NONNULL = YES;
				CLANG_ANALYZER_NUMBER_OBJECT_CONVERSION = YES_AGGRESSIVE;
				CLANG_CXX_LANGUAGE_STANDARD = "gnu++17";
				CLANG_ENABLE_MODULES = YES;
				CLANG_ENABLE_OBJC_ARC = YES;
				CLANG_ENABLE_OBJC_WEAK = YES;
				CLANG_WARN_BLOCK_CAPTURE_AUTORELEASING = YES;
				CLANG_WARN_BOOL_CONVERSION = YES;
				CLANG_WARN_COMMA = YES;
				CLANG_WARN_CONSTANT_CONVERSION = YES;
				CLANG_WARN_DEPRECATED_OBJC_IMPLEMENTATIONS = YES;
				CLANG_WARN_DIRECT_OBJC_ISA_USAGE = YES_ERROR;
				CLANG_WARN_DOCUMENTATION_COMMENTS = YES;
				CLANG_WARN_EMPTY_BODY = YES;
				CLANG_WARN_ENUM_CONVERSION = YES;
				CLANG_WARN_INFINITE_RECURSION = YES;
				CLANG_WARN_INT_CONVERSION = YES;
				CLANG_WARN_NON_LITERAL_NULL_CONVERSION = YES;
				CLANG_WARN_OBJC_IMPLICIT_RETAIN_SELF = YES;
				CLANG_WARN_OBJC_LITERAL_CONVERSION = YES;
				CLANG_WARN_OBJC_ROOT_CLASS = YES_ERROR;
				CLANG_WARN_QUOTED_INCLUDE_IN_FRAMEWORK_HEADER = YES;
				CLANG_WARN_RANGE_LOOP_ANALYSIS = YES;
				CLANG_WARN_STRICT_PROTOTYPES = YES;
				CLANG_WARN_SUSPICIOUS_MOVE = YES;
				CLANG_WARN_UNGUARDED_AVAILABILITY = YES_AGGRESSIVE;
				CLANG_WARN_UNREACHABLE_CODE = YES;
				CLANG_WARN__DUPLICATE_METHOD_MATCH = YES;
				COPY_PHASE_STRIP = NO;
				DEBUG_INFORMATION_FORMAT = dwarf;
				ENABLE_STRICT_OBJC_MSGSEND = YES;
				ENABLE_TESTABILITY = YES;
				GCC_C_LANGUAGE_STANDARD = gnu11;
				GCC_DYNAMIC_NO_PIC = NO;
				GCC_NO_COMMON_BLOCKS = YES;
				GCC_OPTIMIZATION_LEVEL = 0;
				GCC_PREPROCESSOR_DEFINITIONS = (
					"DEBUG=1",
					"$(inherited)",
				);
				GCC_WARN_64_TO_32_BIT_CONVERSION = YES;
				GCC_WARN_ABOUT_RETURN_TYPE = YES_ERROR;
				GCC_WARN_UNDECLARED_SELECTOR = YES;
				GCC_WARN_UNINITIALIZED_AUTOS = YES_AGGRESSIVE;
				GCC_WARN_UNUSED_FUNCTION = YES;
				GCC_WARN_UNUSED_VARIABLE = YES;
				MACOSX_DEPLOYMENT_TARGET = 12.3;
				MTL_ENABLE_DEBUG_INFO = INCLUDE_SOURCE;
				MTL_FAST_MATH = YES;
				ONLY_ACTIVE_ARCH = YES;
				SDKROOT = macosx;
				SWIFT_ACTIVE_COMPILATION_CONDITIONS = DEBUG;
				SWIFT_OPTIMIZATION_LEVEL = "-Onone";
			};
			name = "Debug (Staging)";
		};
		A5A5210E294DFDDF001E82EC /* Debug (Staging) */ = {
			isa = XCBuildConfiguration;
			buildSettings = {
				ALWAYS_EMBED_SWIFT_STANDARD_LIBRARIES = YES;
				ASSETCATALOG_COMPILER_APPICON_NAME = AppIcon;
				ASSETCATALOG_COMPILER_GLOBAL_ACCENT_COLOR_NAME = AccentColor;
				CODE_SIGN_ENTITLEMENTS = MailyApp/MailyApp.entitlements;
				CODE_SIGN_IDENTITY = "Apple Development";
				CODE_SIGN_STYLE = Automatic;
				COMBINE_HIDPI_IMAGES = YES;
				CURRENT_PROJECT_VERSION = 1;
				DEVELOPMENT_ASSET_PATHS = "\"MailyApp/Preview Content\"";
				DEVELOPMENT_TEAM = N793X7M743;
				ENABLE_PREVIEWS = YES;
				GENERATE_INFOPLIST_FILE = YES;
				INFOPLIST_FILE = MailyApp/Info.plist;
				INFOPLIST_KEY_LSUIElement = YES;
				INFOPLIST_KEY_NSHumanReadableCopyright = "";
				LD_RUNPATH_SEARCH_PATHS = (
					"$(inherited)",
					"@executable_path/../Frameworks",
				);
				MARKETING_VERSION = 1.0;
				PRODUCT_BUNDLE_IDENTIFIER = TeamMaily.MailyApp;
				PRODUCT_NAME = "$(TARGET_NAME)";
				PROVISIONING_PROFILE_SPECIFIER = "";
				SWIFT_EMIT_LOC_STRINGS = YES;
				SWIFT_VERSION = 5.0;
			};
			name = "Debug (Staging)";
		};
		A5A5210F294DFDDF001E82EC /* Debug (Staging) */ = {
			isa = XCBuildConfiguration;
			buildSettings = {
				CODE_SIGN_ENTITLEMENTS = Maily/Maily.entitlements;
				CODE_SIGN_IDENTITY = "Apple Development";
				CODE_SIGN_STYLE = Automatic;
				COMBINE_HIDPI_IMAGES = YES;
				CURRENT_PROJECT_VERSION = 1;
				DEVELOPMENT_TEAM = N793X7M743;
				GENERATE_INFOPLIST_FILE = YES;
				INFOPLIST_FILE = Maily/Info.plist;
				INFOPLIST_KEY_CFBundleDisplayName = Maily;
				INFOPLIST_KEY_NSHumanReadableCopyright = "";
				LD_RUNPATH_SEARCH_PATHS = (
					"$(inherited)",
					"@executable_path/../Frameworks",
					"@executable_path/../../../../Frameworks",
				);
				MACOSX_DEPLOYMENT_TARGET = 12.0;
				MARKETING_VERSION = 1.0;
				PRODUCT_BUNDLE_IDENTIFIER = TeamMaily.MailyApp.Maily;
				PRODUCT_NAME = "$(TARGET_NAME)";
				SKIP_INSTALL = YES;
				SWIFT_EMIT_LOC_STRINGS = YES;
				SWIFT_VERSION = 5.0;
			};
			name = "Debug (Staging)";
		};
		A5A52110294DFDE6001E82EC /* Debug (Production) */ = {
			isa = XCBuildConfiguration;
			buildSettings = {
				ALWAYS_SEARCH_USER_PATHS = NO;
				CLANG_ANALYZER_NONNULL = YES;
				CLANG_ANALYZER_NUMBER_OBJECT_CONVERSION = YES_AGGRESSIVE;
				CLANG_CXX_LANGUAGE_STANDARD = "gnu++17";
				CLANG_ENABLE_MODULES = YES;
				CLANG_ENABLE_OBJC_ARC = YES;
				CLANG_ENABLE_OBJC_WEAK = YES;
				CLANG_WARN_BLOCK_CAPTURE_AUTORELEASING = YES;
				CLANG_WARN_BOOL_CONVERSION = YES;
				CLANG_WARN_COMMA = YES;
				CLANG_WARN_CONSTANT_CONVERSION = YES;
				CLANG_WARN_DEPRECATED_OBJC_IMPLEMENTATIONS = YES;
				CLANG_WARN_DIRECT_OBJC_ISA_USAGE = YES_ERROR;
				CLANG_WARN_DOCUMENTATION_COMMENTS = YES;
				CLANG_WARN_EMPTY_BODY = YES;
				CLANG_WARN_ENUM_CONVERSION = YES;
				CLANG_WARN_INFINITE_RECURSION = YES;
				CLANG_WARN_INT_CONVERSION = YES;
				CLANG_WARN_NON_LITERAL_NULL_CONVERSION = YES;
				CLANG_WARN_OBJC_IMPLICIT_RETAIN_SELF = YES;
				CLANG_WARN_OBJC_LITERAL_CONVERSION = YES;
				CLANG_WARN_OBJC_ROOT_CLASS = YES_ERROR;
				CLANG_WARN_QUOTED_INCLUDE_IN_FRAMEWORK_HEADER = YES;
				CLANG_WARN_RANGE_LOOP_ANALYSIS = YES;
				CLANG_WARN_STRICT_PROTOTYPES = YES;
				CLANG_WARN_SUSPICIOUS_MOVE = YES;
				CLANG_WARN_UNGUARDED_AVAILABILITY = YES_AGGRESSIVE;
				CLANG_WARN_UNREACHABLE_CODE = YES;
				CLANG_WARN__DUPLICATE_METHOD_MATCH = YES;
				COPY_PHASE_STRIP = NO;
				DEBUG_INFORMATION_FORMAT = dwarf;
				ENABLE_STRICT_OBJC_MSGSEND = YES;
				ENABLE_TESTABILITY = YES;
				GCC_C_LANGUAGE_STANDARD = gnu11;
				GCC_DYNAMIC_NO_PIC = NO;
				GCC_NO_COMMON_BLOCKS = YES;
				GCC_OPTIMIZATION_LEVEL = 0;
				GCC_PREPROCESSOR_DEFINITIONS = (
					"DEBUG=1",
					"$(inherited)",
				);
				GCC_WARN_64_TO_32_BIT_CONVERSION = YES;
				GCC_WARN_ABOUT_RETURN_TYPE = YES_ERROR;
				GCC_WARN_UNDECLARED_SELECTOR = YES;
				GCC_WARN_UNINITIALIZED_AUTOS = YES_AGGRESSIVE;
				GCC_WARN_UNUSED_FUNCTION = YES;
				GCC_WARN_UNUSED_VARIABLE = YES;
				MACOSX_DEPLOYMENT_TARGET = 12.3;
				MTL_ENABLE_DEBUG_INFO = INCLUDE_SOURCE;
				MTL_FAST_MATH = YES;
				ONLY_ACTIVE_ARCH = YES;
				SDKROOT = macosx;
				SWIFT_ACTIVE_COMPILATION_CONDITIONS = DEBUG;
				SWIFT_OPTIMIZATION_LEVEL = "-Onone";
			};
			name = "Debug (Production)";
		};
		A5A52111294DFDE6001E82EC /* Debug (Production) */ = {
			isa = XCBuildConfiguration;
			buildSettings = {
				ALWAYS_EMBED_SWIFT_STANDARD_LIBRARIES = YES;
				ASSETCATALOG_COMPILER_APPICON_NAME = AppIcon;
				ASSETCATALOG_COMPILER_GLOBAL_ACCENT_COLOR_NAME = AccentColor;
				CODE_SIGN_ENTITLEMENTS = MailyApp/MailyApp.entitlements;
				CODE_SIGN_IDENTITY = "Apple Development";
				CODE_SIGN_STYLE = Automatic;
				COMBINE_HIDPI_IMAGES = YES;
				CURRENT_PROJECT_VERSION = 1;
				DEVELOPMENT_ASSET_PATHS = "\"MailyApp/Preview Content\"";
				DEVELOPMENT_TEAM = N793X7M743;
				ENABLE_PREVIEWS = YES;
				GENERATE_INFOPLIST_FILE = YES;
				INFOPLIST_FILE = MailyApp/Info.plist;
				INFOPLIST_KEY_LSUIElement = YES;
				INFOPLIST_KEY_NSHumanReadableCopyright = "";
				LD_RUNPATH_SEARCH_PATHS = (
					"$(inherited)",
					"@executable_path/../Frameworks",
				);
				MARKETING_VERSION = 1.0;
				PRODUCT_BUNDLE_IDENTIFIER = TeamMaily.MailyApp;
				PRODUCT_NAME = "$(TARGET_NAME)";
				PROVISIONING_PROFILE_SPECIFIER = "";
				SWIFT_EMIT_LOC_STRINGS = YES;
				SWIFT_VERSION = 5.0;
			};
			name = "Debug (Production)";
		};
		A5A52112294DFDE6001E82EC /* Debug (Production) */ = {
			isa = XCBuildConfiguration;
			buildSettings = {
				CODE_SIGN_ENTITLEMENTS = Maily/Maily.entitlements;
				CODE_SIGN_IDENTITY = "Apple Development";
				CODE_SIGN_STYLE = Automatic;
				COMBINE_HIDPI_IMAGES = YES;
				CURRENT_PROJECT_VERSION = 1;
				DEVELOPMENT_TEAM = N793X7M743;
				GENERATE_INFOPLIST_FILE = YES;
				INFOPLIST_FILE = Maily/Info.plist;
				INFOPLIST_KEY_CFBundleDisplayName = Maily;
				INFOPLIST_KEY_NSHumanReadableCopyright = "";
				LD_RUNPATH_SEARCH_PATHS = (
					"$(inherited)",
					"@executable_path/../Frameworks",
					"@executable_path/../../../../Frameworks",
				);
				MACOSX_DEPLOYMENT_TARGET = 12.0;
				MARKETING_VERSION = 1.0;
				PRODUCT_BUNDLE_IDENTIFIER = TeamMaily.MailyApp.Maily;
				PRODUCT_NAME = "$(TARGET_NAME)";
				SKIP_INSTALL = YES;
				SWIFT_EMIT_LOC_STRINGS = YES;
				SWIFT_VERSION = 5.0;
			};
			name = "Debug (Production)";
		};
		A5A52113294DFDF5001E82EC /* Release (Staging) */ = {
			isa = XCBuildConfiguration;
			buildSettings = {
				ALWAYS_SEARCH_USER_PATHS = NO;
				CLANG_ANALYZER_NONNULL = YES;
				CLANG_ANALYZER_NUMBER_OBJECT_CONVERSION = YES_AGGRESSIVE;
				CLANG_CXX_LANGUAGE_STANDARD = "gnu++17";
				CLANG_ENABLE_MODULES = YES;
				CLANG_ENABLE_OBJC_ARC = YES;
				CLANG_ENABLE_OBJC_WEAK = YES;
				CLANG_WARN_BLOCK_CAPTURE_AUTORELEASING = YES;
				CLANG_WARN_BOOL_CONVERSION = YES;
				CLANG_WARN_COMMA = YES;
				CLANG_WARN_CONSTANT_CONVERSION = YES;
				CLANG_WARN_DEPRECATED_OBJC_IMPLEMENTATIONS = YES;
				CLANG_WARN_DIRECT_OBJC_ISA_USAGE = YES_ERROR;
				CLANG_WARN_DOCUMENTATION_COMMENTS = YES;
				CLANG_WARN_EMPTY_BODY = YES;
				CLANG_WARN_ENUM_CONVERSION = YES;
				CLANG_WARN_INFINITE_RECURSION = YES;
				CLANG_WARN_INT_CONVERSION = YES;
				CLANG_WARN_NON_LITERAL_NULL_CONVERSION = YES;
				CLANG_WARN_OBJC_IMPLICIT_RETAIN_SELF = YES;
				CLANG_WARN_OBJC_LITERAL_CONVERSION = YES;
				CLANG_WARN_OBJC_ROOT_CLASS = YES_ERROR;
				CLANG_WARN_QUOTED_INCLUDE_IN_FRAMEWORK_HEADER = YES;
				CLANG_WARN_RANGE_LOOP_ANALYSIS = YES;
				CLANG_WARN_STRICT_PROTOTYPES = YES;
				CLANG_WARN_SUSPICIOUS_MOVE = YES;
				CLANG_WARN_UNGUARDED_AVAILABILITY = YES_AGGRESSIVE;
				CLANG_WARN_UNREACHABLE_CODE = YES;
				CLANG_WARN__DUPLICATE_METHOD_MATCH = YES;
				COPY_PHASE_STRIP = NO;
				DEBUG_INFORMATION_FORMAT = "dwarf-with-dsym";
				ENABLE_NS_ASSERTIONS = NO;
				ENABLE_STRICT_OBJC_MSGSEND = YES;
				GCC_C_LANGUAGE_STANDARD = gnu11;
				GCC_NO_COMMON_BLOCKS = YES;
				GCC_WARN_64_TO_32_BIT_CONVERSION = YES;
				GCC_WARN_ABOUT_RETURN_TYPE = YES_ERROR;
				GCC_WARN_UNDECLARED_SELECTOR = YES;
				GCC_WARN_UNINITIALIZED_AUTOS = YES_AGGRESSIVE;
				GCC_WARN_UNUSED_FUNCTION = YES;
				GCC_WARN_UNUSED_VARIABLE = YES;
				MACOSX_DEPLOYMENT_TARGET = 12.3;
				MTL_ENABLE_DEBUG_INFO = NO;
				MTL_FAST_MATH = YES;
				SDKROOT = macosx;
				SWIFT_COMPILATION_MODE = wholemodule;
				SWIFT_OPTIMIZATION_LEVEL = "-O";
			};
			name = "Release (Staging)";
		};
		A5A52114294DFDF5001E82EC /* Release (Staging) */ = {
			isa = XCBuildConfiguration;
			buildSettings = {
				ALWAYS_EMBED_SWIFT_STANDARD_LIBRARIES = YES;
				ASSETCATALOG_COMPILER_APPICON_NAME = AppIcon;
				ASSETCATALOG_COMPILER_GLOBAL_ACCENT_COLOR_NAME = AccentColor;
				CODE_SIGN_ENTITLEMENTS = MailyApp/MailyApp.entitlements;
				CODE_SIGN_IDENTITY = "Apple Development";
				CODE_SIGN_STYLE = Automatic;
				COMBINE_HIDPI_IMAGES = YES;
				CURRENT_PROJECT_VERSION = 1;
				DEVELOPMENT_ASSET_PATHS = "\"MailyApp/Preview Content\"";
				DEVELOPMENT_TEAM = N793X7M743;
				ENABLE_PREVIEWS = YES;
				GENERATE_INFOPLIST_FILE = YES;
				INFOPLIST_FILE = MailyApp/Info.plist;
				INFOPLIST_KEY_LSUIElement = YES;
				INFOPLIST_KEY_NSHumanReadableCopyright = "";
				LD_RUNPATH_SEARCH_PATHS = (
					"$(inherited)",
					"@executable_path/../Frameworks",
				);
				MARKETING_VERSION = 1.0;
				PRODUCT_BUNDLE_IDENTIFIER = TeamMaily.MailyApp;
				PRODUCT_NAME = "$(TARGET_NAME)";
				PROVISIONING_PROFILE_SPECIFIER = "";
				SWIFT_EMIT_LOC_STRINGS = YES;
				SWIFT_VERSION = 5.0;
			};
			name = "Release (Staging)";
		};
		A5A52115294DFDF5001E82EC /* Release (Staging) */ = {
			isa = XCBuildConfiguration;
			buildSettings = {
				CODE_SIGN_ENTITLEMENTS = Maily/Maily.entitlements;
				CODE_SIGN_IDENTITY = "Apple Development";
				CODE_SIGN_STYLE = Automatic;
				COMBINE_HIDPI_IMAGES = YES;
				CURRENT_PROJECT_VERSION = 1;
				DEVELOPMENT_TEAM = N793X7M743;
				GENERATE_INFOPLIST_FILE = YES;
				INFOPLIST_FILE = Maily/Info.plist;
				INFOPLIST_KEY_CFBundleDisplayName = Maily;
				INFOPLIST_KEY_NSHumanReadableCopyright = "";
				LD_RUNPATH_SEARCH_PATHS = (
					"$(inherited)",
					"@executable_path/../Frameworks",
					"@executable_path/../../../../Frameworks",
				);
				MACOSX_DEPLOYMENT_TARGET = 12.0;
				MARKETING_VERSION = 1.0;
				PRODUCT_BUNDLE_IDENTIFIER = TeamMaily.MailyApp.Maily;
				PRODUCT_NAME = "$(TARGET_NAME)";
				SKIP_INSTALL = YES;
				SWIFT_EMIT_LOC_STRINGS = YES;
				SWIFT_VERSION = 5.0;
			};
			name = "Release (Staging)";
		};
		A5A52116294DFE15001E82EC /* Release (Production) */ = {
			isa = XCBuildConfiguration;
			buildSettings = {
				ALWAYS_SEARCH_USER_PATHS = NO;
				CLANG_ANALYZER_NONNULL = YES;
				CLANG_ANALYZER_NUMBER_OBJECT_CONVERSION = YES_AGGRESSIVE;
				CLANG_CXX_LANGUAGE_STANDARD = "gnu++17";
				CLANG_ENABLE_MODULES = YES;
				CLANG_ENABLE_OBJC_ARC = YES;
				CLANG_ENABLE_OBJC_WEAK = YES;
				CLANG_WARN_BLOCK_CAPTURE_AUTORELEASING = YES;
				CLANG_WARN_BOOL_CONVERSION = YES;
				CLANG_WARN_COMMA = YES;
				CLANG_WARN_CONSTANT_CONVERSION = YES;
				CLANG_WARN_DEPRECATED_OBJC_IMPLEMENTATIONS = YES;
				CLANG_WARN_DIRECT_OBJC_ISA_USAGE = YES_ERROR;
				CLANG_WARN_DOCUMENTATION_COMMENTS = YES;
				CLANG_WARN_EMPTY_BODY = YES;
				CLANG_WARN_ENUM_CONVERSION = YES;
				CLANG_WARN_INFINITE_RECURSION = YES;
				CLANG_WARN_INT_CONVERSION = YES;
				CLANG_WARN_NON_LITERAL_NULL_CONVERSION = YES;
				CLANG_WARN_OBJC_IMPLICIT_RETAIN_SELF = YES;
				CLANG_WARN_OBJC_LITERAL_CONVERSION = YES;
				CLANG_WARN_OBJC_ROOT_CLASS = YES_ERROR;
				CLANG_WARN_QUOTED_INCLUDE_IN_FRAMEWORK_HEADER = YES;
				CLANG_WARN_RANGE_LOOP_ANALYSIS = YES;
				CLANG_WARN_STRICT_PROTOTYPES = YES;
				CLANG_WARN_SUSPICIOUS_MOVE = YES;
				CLANG_WARN_UNGUARDED_AVAILABILITY = YES_AGGRESSIVE;
				CLANG_WARN_UNREACHABLE_CODE = YES;
				CLANG_WARN__DUPLICATE_METHOD_MATCH = YES;
				COPY_PHASE_STRIP = NO;
				DEBUG_INFORMATION_FORMAT = "dwarf-with-dsym";
				ENABLE_NS_ASSERTIONS = NO;
				ENABLE_STRICT_OBJC_MSGSEND = YES;
				GCC_C_LANGUAGE_STANDARD = gnu11;
				GCC_NO_COMMON_BLOCKS = YES;
				GCC_WARN_64_TO_32_BIT_CONVERSION = YES;
				GCC_WARN_ABOUT_RETURN_TYPE = YES_ERROR;
				GCC_WARN_UNDECLARED_SELECTOR = YES;
				GCC_WARN_UNINITIALIZED_AUTOS = YES_AGGRESSIVE;
				GCC_WARN_UNUSED_FUNCTION = YES;
				GCC_WARN_UNUSED_VARIABLE = YES;
				MACOSX_DEPLOYMENT_TARGET = 12.3;
				MTL_ENABLE_DEBUG_INFO = NO;
				MTL_FAST_MATH = YES;
				SDKROOT = macosx;
				SWIFT_COMPILATION_MODE = wholemodule;
				SWIFT_OPTIMIZATION_LEVEL = "-O";
			};
			name = "Release (Production)";
		};
		A5A52117294DFE15001E82EC /* Release (Production) */ = {
			isa = XCBuildConfiguration;
			buildSettings = {
				ALWAYS_EMBED_SWIFT_STANDARD_LIBRARIES = YES;
				ASSETCATALOG_COMPILER_APPICON_NAME = AppIcon;
				ASSETCATALOG_COMPILER_GLOBAL_ACCENT_COLOR_NAME = AccentColor;
				CODE_SIGN_ENTITLEMENTS = MailyApp/MailyApp.entitlements;
				CODE_SIGN_IDENTITY = "Apple Development";
				CODE_SIGN_STYLE = Automatic;
				COMBINE_HIDPI_IMAGES = YES;
				CURRENT_PROJECT_VERSION = 1;
				DEVELOPMENT_ASSET_PATHS = "\"MailyApp/Preview Content\"";
				DEVELOPMENT_TEAM = N793X7M743;
				ENABLE_PREVIEWS = YES;
				GENERATE_INFOPLIST_FILE = YES;
				INFOPLIST_FILE = MailyApp/Info.plist;
				INFOPLIST_KEY_LSUIElement = YES;
				INFOPLIST_KEY_NSHumanReadableCopyright = "";
				LD_RUNPATH_SEARCH_PATHS = (
					"$(inherited)",
					"@executable_path/../Frameworks",
				);
				MARKETING_VERSION = 1.0;
				PRODUCT_BUNDLE_IDENTIFIER = TeamMaily.MailyApp;
				PRODUCT_NAME = "$(TARGET_NAME)";
				PROVISIONING_PROFILE_SPECIFIER = "";
				SWIFT_EMIT_LOC_STRINGS = YES;
				SWIFT_VERSION = 5.0;
			};
			name = "Release (Production)";
		};
		A5A52118294DFE15001E82EC /* Release (Production) */ = {
			isa = XCBuildConfiguration;
			buildSettings = {
				CODE_SIGN_ENTITLEMENTS = Maily/Maily.entitlements;
				CODE_SIGN_IDENTITY = "Apple Development";
				CODE_SIGN_STYLE = Automatic;
				COMBINE_HIDPI_IMAGES = YES;
				CURRENT_PROJECT_VERSION = 1;
				DEVELOPMENT_TEAM = N793X7M743;
				GENERATE_INFOPLIST_FILE = YES;
				INFOPLIST_FILE = Maily/Info.plist;
				INFOPLIST_KEY_CFBundleDisplayName = Maily;
				INFOPLIST_KEY_NSHumanReadableCopyright = "";
				LD_RUNPATH_SEARCH_PATHS = (
					"$(inherited)",
					"@executable_path/../Frameworks",
					"@executable_path/../../../../Frameworks",
				);
				MACOSX_DEPLOYMENT_TARGET = 12.0;
				MARKETING_VERSION = 1.0;
				PRODUCT_BUNDLE_IDENTIFIER = TeamMaily.MailyApp.Maily;
				PRODUCT_NAME = "$(TARGET_NAME)";
				SKIP_INSTALL = YES;
				SWIFT_EMIT_LOC_STRINGS = YES;
				SWIFT_VERSION = 5.0;
			};
			name = "Release (Production)";
		};
/* End XCBuildConfiguration section */

/* Begin XCConfigurationList section */
		A55F2CB9285455C5006C9F59 /* Build configuration list for PBXProject "MailyApp" */ = {
			isa = XCConfigurationList;
			buildConfigurations = (
				A5A52104294DFD9D001E82EC /* Debug (Development) */,
				A5A5210D294DFDDF001E82EC /* Debug (Staging) */,
				A5A52110294DFDE6001E82EC /* Debug (Production) */,
				A55F2CCC285455C9006C9F59 /* Release (Development) */,
				A5A52113294DFDF5001E82EC /* Release (Staging) */,
				A5A52116294DFE15001E82EC /* Release (Production) */,
			);
			defaultConfigurationIsVisible = 0;
			defaultConfigurationName = "Release (Development)";
		};
		A55F2CCD285455C9006C9F59 /* Build configuration list for PBXNativeTarget "MailyApp" */ = {
			isa = XCConfigurationList;
			buildConfigurations = (
				A5A52105294DFD9D001E82EC /* Debug (Development) */,
				A5A5210E294DFDDF001E82EC /* Debug (Staging) */,
				A5A52111294DFDE6001E82EC /* Debug (Production) */,
				A55F2CCF285455C9006C9F59 /* Release (Development) */,
				A5A52114294DFDF5001E82EC /* Release (Staging) */,
				A5A52117294DFE15001E82EC /* Release (Production) */,
			);
			defaultConfigurationIsVisible = 0;
			defaultConfigurationName = "Release (Development)";
		};
		A55F2CE5285455E9006C9F59 /* Build configuration list for PBXNativeTarget "Maily" */ = {
			isa = XCConfigurationList;
			buildConfigurations = (
				A5A52106294DFD9D001E82EC /* Debug (Development) */,
				A5A5210F294DFDDF001E82EC /* Debug (Staging) */,
				A5A52112294DFDE6001E82EC /* Debug (Production) */,
				A55F2CE7285455E9006C9F59 /* Release (Development) */,
				A5A52115294DFDF5001E82EC /* Release (Staging) */,
				A5A52118294DFE15001E82EC /* Release (Production) */,
			);
			defaultConfigurationIsVisible = 0;
			defaultConfigurationName = "Release (Development)";
		};
/* End XCConfigurationList section */
	};
	rootObject = A55F2CB6285455C5006C9F59 /* Project object */;
}
